# generated by rye
# use `rye lock` or `rye sync` to update this lockfile
#
# last locked with the following flags:
#   pre: false
#   features: []
#   all-features: false
#   with-sources: false
#   generate-hashes: false
#   universal: false

beautifulsoup4==4.12.3
    # via bs4
bs4==0.0.2
mecab-python3==1.0.9
neologdn==0.5.3
soupsieve==2.6
    # via beautifulsoup4
