# This file is automatically @generated by Poetry 1.8.3 and should not be changed by hand.

[[package]]
name = "croniter"
version = "2.0.5"
description = "croniter provides iteration for datetime object with cron like format"
optional = false
python-versions = "!=3.0.*,!=3.1.*,!=3.2.*,!=3.3.*,>=2.6"
files = [
    {file = "croniter-2.0.5-py2.py3-none-any.whl", hash = "sha256:fdbb44920944045cc323db54599b321325141d82d14fa7453bc0699826bbe9ed"},
    {file = "croniter-2.0.5.tar.gz", hash = "sha256:f1f8ca0af64212fbe99b1bee125ee5a1b53a9c1b433968d8bca8817b79d237f3"},
]

[package.dependencies]
python-dateutil = "*"
pytz = ">2021.1"

[[package]]
name = "python-dateutil"
version = "2.9.0.post0"
description = "Extensions to the standard Python datetime module"
optional = false
python-versions = "!=3.0.*,!=3.1.*,!=3.2.*,>=2.7"
files = [
    {file = "python-dateutil-2.9.0.post0.tar.gz", hash = "sha256:37dd54208da7e1cd875388217d5e00ebd4179249f90fb72437e91a35459a0ad3"},
    {file = "python_dateutil-2.9.0.post0-py2.py3-none-any.whl", hash = "sha256:a8b2bc7bffae282281c8140a97d3aa9c14da0b136dfe83f850eea9a5f7470427"},
]

[package.dependencies]
six = ">=1.5"

[[package]]
name = "pytz"
version = "2024.1"
description = "World timezone definitions, modern and historical"
optional = false
python-versions = "*"
files = [
    {file = "pytz-2024.1-py2.py3-none-any.whl", hash = "sha256:328171f4e3623139da4983451950b28e95ac706e13f3f2630a879749e7a8b319"},
    {file = "pytz-2024.1.tar.gz", hash = "sha256:2a29735ea9c18baf14b448846bde5a48030ed267578472d8955cd0e7443a9812"},
]

[[package]]
name = "schedule"
version = "1.2.2"
description = "Job scheduling for humans."
optional = false
python-versions = ">=3.7"
files = [
    {file = "schedule-1.2.2-py3-none-any.whl", hash = "sha256:5bef4a2a0183abf44046ae0d164cadcac21b1db011bdd8102e4a0c1e91e06a7d"},
    {file = "schedule-1.2.2.tar.gz", hash = "sha256:15fe9c75fe5fd9b9627f3f19cc0ef1420508f9f9a46f45cd0769ef75ede5f0b7"},
]

[package.extras]
timezone = ["pytz"]

[[package]]
name = "six"
version = "1.16.0"
description = "Python 2 and 3 compatibility utilities"
optional = false
python-versions = ">=2.7, !=3.0.*, !=3.1.*, !=3.2.*"
files = [
    {file = "six-1.16.0-py2.py3-none-any.whl", hash = "sha256:8abb2f1d86890a2dfb989f9a77cfcfd3e47c2a354b01111771326f8aa26e0254"},
    {file = "six-1.16.0.tar.gz", hash = "sha256:1e61c37477a1626458e36f7b1d82aa5c9b094fa4802892072e49de9c60c4c926"},
]

[metadata]
lock-version = "2.0"
python-versions = "^3.12"
content-hash = "bbca2a5046250bed4ed4ca48cf083fd1f9792f3f9863555c4c8d3e4ce8e2b34b"
